{
  "name": "forajs",
  "version": "1.0.0",
  "lockfileVersion": 2,
  "requires": true,
  "packages": {
    "": {
      "name": "forajs",
      "version": "1.0.0",
      "license": "ISC",
      "dependencies": {
        "@makinfantasy/ajs": "github:makinfantasy/ajs"
      }
    },
    "node_modules/@makinfantasy/ajs": {
      "version": "1.0.0",
      "resolved": "git+ssh://git@github.com/makinfantasy/ajs.git#17d6324d00d3b5b3a1d747622a4e17c834caa8e0",
      "license": "ISC"
    }
  },
  "dependencies": {
    "@makinfantasy/ajs": {
      "version": "git+ssh://git@github.com/makinfantasy/ajs.git#17d6324d00d3b5b3a1d747622a4e17c834caa8e0",
      "from": "@makinfantasy/ajs@github:makinfantasy/ajs"
    }
  }
}
